
Microsoft Visual Studio Solution File, Format Version 12.00
# Visual Studio Version 16
VisualStudioVersion = 16.0.30907.101
MinimumVisualStudioVersion = 10.0.40219.1
Project("{FAE04EC0-301F-11D3-BF4B-00C04F79EFBC}") = "GIP-Zonnevolger", "GIP-Zonnevolger\GIP-Zonnevolger.csproj", "{92C78C26-67F6-4BA1-878B-D13C706F0FF8}"
EndProject
Global
	GlobalSection(SolutionConfigurationPlatforms) = preSolution
		Debug|Any CPU = Debug|Any CPU
		Release|Any CPU = Release|Any CPU
	EndGlobalSection
	GlobalSection(ProjectConfigurationPlatforms) = postSolution
		{92C78C26-67F6-4BA1-878B-D13C706F0FF8}.Debug|Any CPU.ActiveCfg = Debug|Any CPU
		{92C78C26-67F6-4BA1-878B-D13C706F0FF8}.Debug|Any CPU.Build.0 = Debug|Any CPU
		{92C78C26-67F6-4BA1-878B-D13C706F0FF8}.Release|Any CPU.ActiveCfg = Release|Any CPU
		{92C78C26-67F6-4BA1-878B-D13C706F0FF8}.Release|Any CPU.Build.0 = Release|Any CPU
	EndGlobalSection
	GlobalSection(SolutionProperties) = preSolution
		HideSolutionNode = FALSE
	EndGlobalSection
	GlobalSection(ExtensibilityGlobals) = postSolution
		SolutionGuid = {CC039FFC-56AF-40CF-8B56-A8858CDC9F23}
	EndGlobalSection
EndGlobal
